
Microsoft Visual Studio Solution File, Format Version 12.00
# Visual Studio 15
Project("{FAE04EC0-301F-11D3-BF4B-00C04F79EFBC}") = "Assembly-CSharp", "Assembly-CSharp.csproj", "{00C9DCE0-99C5-4327-DC78-AA3B6D8ACC22}"
EndProject
Project("{FAE04EC0-301F-11D3-BF4B-00C04F79EFBC}") = "Assembly-CSharp-Editor", "Assembly-CSharp-Editor.csproj", "{65386CE5-9178-0E3E-B385-A3DF44606128}"
EndProject
Global
	GlobalSection(SolutionConfigurationPlatforms) = preSolution
		Debug|Any CPU = Debug|Any CPU
		Release|Any CPU = Release|Any CPU
	EndGlobalSection
	GlobalSection(ProjectConfigurationPlatforms) = postSolution
		{00C9DCE0-99C5-4327-DC78-AA3B6D8ACC22}.Debug|Any CPU.ActiveCfg = Debug|Any CPU
		{00C9DCE0-99C5-4327-DC78-AA3B6D8ACC22}.Debug|Any CPU.Build.0 = Debug|Any CPU
		{00C9DCE0-99C5-4327-DC78-AA3B6D8ACC22}.Release|Any CPU.ActiveCfg = Release|Any CPU
		{00C9DCE0-99C5-4327-DC78-AA3B6D8ACC22}.Release|Any CPU.Build.0 = Release|Any CPU
		{65386CE5-9178-0E3E-B385-A3DF44606128}.Debug|Any CPU.ActiveCfg = Debug|Any CPU
		{65386CE5-9178-0E3E-B385-A3DF44606128}.Debug|Any CPU.Build.0 = Debug|Any CPU
		{65386CE5-9178-0E3E-B385-A3DF44606128}.Release|Any CPU.ActiveCfg = Release|Any CPU
		{65386CE5-9178-0E3E-B385-A3DF44606128}.Release|Any CPU.Build.0 = Release|Any CPU
	EndGlobalSection
	GlobalSection(SolutionProperties) = preSolution
		HideSolutionNode = FALSE
	EndGlobalSection
EndGlobal
